
Microsoft Visual Studio Solution File, Format Version 12.00
# Visual Studio Version 17
VisualStudioVersion = 17.1.32228.430
MinimumVisualStudioVersion = 10.0.40219.1
Project("{FAE04EC0-301F-11D3-BF4B-00C04F79EFBC}") = "MethodExercise032222", "MethodExercise032222\MethodExercise032222.csproj", "{126C5BB7-48DB-44CF-9E4A-57FA99EDF795}"
EndProject
Global
	GlobalSection(SolutionConfigurationPlatforms) = preSolution
		Debug|Any CPU = Debug|Any CPU
		Release|Any CPU = Release|Any CPU
	EndGlobalSection
	GlobalSection(ProjectConfigurationPlatforms) = postSolution
		{126C5BB7-48DB-44CF-9E4A-57FA99EDF795}.Debug|Any CPU.ActiveCfg = Debug|Any CPU
		{126C5BB7-48DB-44CF-9E4A-57FA99EDF795}.Debug|Any CPU.Build.0 = Debug|Any CPU
		{126C5BB7-48DB-44CF-9E4A-57FA99EDF795}.Release|Any CPU.ActiveCfg = Release|Any CPU
		{126C5BB7-48DB-44CF-9E4A-57FA99EDF795}.Release|Any CPU.Build.0 = Release|Any CPU
	EndGlobalSection
	GlobalSection(SolutionProperties) = preSolution
		HideSolutionNode = FALSE
	EndGlobalSection
	GlobalSection(ExtensibilityGlobals) = postSolution
		SolutionGuid = {ACF160F5-A823-4D68-83A9-9F012BA402F9}
	EndGlobalSection
EndGlobal
